
Microsoft Visual Studio Solution File, Format Version 12.00
# Visual Studio Version 16
VisualStudioVersion = 16.0.32002.261
MinimumVisualStudioVersion = 10.0.40219.1
Project("{FAE04EC0-301F-11D3-BF4B-00C04F79EFBC}") = "CRUD_Operation", "CRUD_Operation\CRUD_Operation.csproj", "{6E645E9B-E882-4561-8A63-9000046E80BA}"
EndProject
Global
	GlobalSection(SolutionConfigurationPlatforms) = preSolution
		Debug|Any CPU = Debug|Any CPU
		Release|Any CPU = Release|Any CPU
	EndGlobalSection
	GlobalSection(ProjectConfigurationPlatforms) = postSolution
		{6E645E9B-E882-4561-8A63-9000046E80BA}.Debug|Any CPU.ActiveCfg = Debug|Any CPU
		{6E645E9B-E882-4561-8A63-9000046E80BA}.Debug|Any CPU.Build.0 = Debug|Any CPU
		{6E645E9B-E882-4561-8A63-9000046E80BA}.Release|Any CPU.ActiveCfg = Release|Any CPU
		{6E645E9B-E882-4561-8A63-9000046E80BA}.Release|Any CPU.Build.0 = Release|Any CPU
	EndGlobalSection
	GlobalSection(SolutionProperties) = preSolution
		HideSolutionNode = FALSE
	EndGlobalSection
	GlobalSection(ExtensibilityGlobals) = postSolution
		SolutionGuid = {611E38B0-ACB1-42A5-9912-7B6342BC95E4}
	EndGlobalSection
EndGlobal
